# contracts.lock.yaml – pins the Shared contract versions this repo implements
version: 1
contracts:
  - source: nabhold/shared
    # No tag covers this commit yet (newest tag is v1.3.0, SHA
    # c0b1dfcb5049f4e994e926a6f1ea9ff2b4a02b6c) -- bumped past it to pick up
    # contracts/identity/v1/workload-registry.yaml, added by
    # nabhold/shared#31 (squash-merged directly to main as this commit) and
    # consumed by tests/integration/run.sh's workload-registry-consistency
    # check (ADR-0007 §42-44, Gate IAM-4 phase 3).
    sha: dc09a3e790708efbc06e3d32c15f61cb06746f99
